
Microsoft Visual Studio Solution File, Format Version 12.00
# Visual Studio Version 17
VisualStudioVersion = 17.9.34728.123
MinimumVisualStudioVersion = 10.0.40219.1
Project("{FAE04EC0-301F-11D3-BF4B-00C04F79EFBC}") = "BotHub.Server", "BotHub.Server\BotHub.Server.csproj", "{D340C2F5-4DA0-4BC4-9AB0-297BD6BA74D5}"
EndProject
Project("{54A90642-561A-4BB1-A94E-469ADEE60C69}") = "bothub.client", "bothub.client\bothub.client.esproj", "{5CB8C80D-8422-47AB-AC9B-2B0966F15ADE}"
EndProject
Project("{FAE04EC0-301F-11D3-BF4B-00C04F79EFBC}") = "Application", "Application\Application.csproj", "{84A08707-D696-49B2-B4E4-DFA3C36120B6}"
EndProject
Project("{FAE04EC0-301F-11D3-BF4B-00C04F79EFBC}") = "Domain", "Domain\Domain.csproj", "{FCCE8B5A-0EFA-4B10-A074-76F6BA882C3F}"
EndProject
Project("{FAE04EC0-301F-11D3-BF4B-00C04F79EFBC}") = "Infastracted", "Infastracted\Infastracted.csproj", "{41EEA6CC-83A8-43F8-A64F-DCDB45D26824}"
EndProject
Global
	GlobalSection(SolutionConfigurationPlatforms) = preSolution
		Debug|Any CPU = Debug|Any CPU
		Release|Any CPU = Release|Any CPU
	EndGlobalSection
	GlobalSection(ProjectConfigurationPlatforms) = postSolution
		{D340C2F5-4DA0-4BC4-9AB0-297BD6BA74D5}.Debug|Any CPU.ActiveCfg = Debug|Any CPU
		{D340C2F5-4DA0-4BC4-9AB0-297BD6BA74D5}.Debug|Any CPU.Build.0 = Debug|Any CPU
		{D340C2F5-4DA0-4BC4-9AB0-297BD6BA74D5}.Release|Any CPU.ActiveCfg = Release|Any CPU
		{D340C2F5-4DA0-4BC4-9AB0-297BD6BA74D5}.Release|Any CPU.Build.0 = Release|Any CPU
		{5CB8C80D-8422-47AB-AC9B-2B0966F15ADE}.Debug|Any CPU.ActiveCfg = Debug|Any CPU
		{5CB8C80D-8422-47AB-AC9B-2B0966F15ADE}.Debug|Any CPU.Build.0 = Debug|Any CPU
		{5CB8C80D-8422-47AB-AC9B-2B0966F15ADE}.Debug|Any CPU.Deploy.0 = Debug|Any CPU
		{5CB8C80D-8422-47AB-AC9B-2B0966F15ADE}.Release|Any CPU.ActiveCfg = Release|Any CPU
		{5CB8C80D-8422-47AB-AC9B-2B0966F15ADE}.Release|Any CPU.Build.0 = Release|Any CPU
		{5CB8C80D-8422-47AB-AC9B-2B0966F15ADE}.Release|Any CPU.Deploy.0 = Release|Any CPU
		{84A08707-D696-49B2-B4E4-DFA3C36120B6}.Debug|Any CPU.ActiveCfg = Debug|Any CPU
		{84A08707-D696-49B2-B4E4-DFA3C36120B6}.Debug|Any CPU.Build.0 = Debug|Any CPU
		{84A08707-D696-49B2-B4E4-DFA3C36120B6}.Release|Any CPU.ActiveCfg = Release|Any CPU
		{84A08707-D696-49B2-B4E4-DFA3C36120B6}.Release|Any CPU.Build.0 = Release|Any CPU
		{FCCE8B5A-0EFA-4B10-A074-76F6BA882C3F}.Debug|Any CPU.ActiveCfg = Debug|Any CPU
		{FCCE8B5A-0EFA-4B10-A074-76F6BA882C3F}.Debug|Any CPU.Build.0 = Debug|Any CPU
		{FCCE8B5A-0EFA-4B10-A074-76F6BA882C3F}.Release|Any CPU.ActiveCfg = Release|Any CPU
		{FCCE8B5A-0EFA-4B10-A074-76F6BA882C3F}.Release|Any CPU.Build.0 = Release|Any CPU
		{41EEA6CC-83A8-43F8-A64F-DCDB45D26824}.Debug|Any CPU.ActiveCfg = Debug|Any CPU
		{41EEA6CC-83A8-43F8-A64F-DCDB45D26824}.Debug|Any CPU.Build.0 = Debug|Any CPU
		{41EEA6CC-83A8-43F8-A64F-DCDB45D26824}.Release|Any CPU.ActiveCfg = Release|Any CPU
		{41EEA6CC-83A8-43F8-A64F-DCDB45D26824}.Release|Any CPU.Build.0 = Release|Any CPU
	EndGlobalSection
	GlobalSection(SolutionProperties) = preSolution
		HideSolutionNode = FALSE
	EndGlobalSection
	GlobalSection(ExtensibilityGlobals) = postSolution
		SolutionGuid = {DB525F84-C2A8-4503-A5EB-45B113D3CB78}
	EndGlobalSection
EndGlobal
