
Microsoft Visual Studio Solution File, Format Version 12.00
# Visual Studio Version 17
VisualStudioVersion = 17.9.34622.214
MinimumVisualStudioVersion = 10.0.40219.1
Project("{9A19103F-16F7-4668-BE54-9A1E7A4F7556}") = "BotHub.Server", "BotHub.Server\BotHub.Server.csproj", "{0370936B-FDB7-4524-A384-3E45CDF925E2}"
EndProject
Project("{54A90642-561A-4BB1-A94E-469ADEE60C69}") = "bothub.client", "bothub.client\bothub.client.esproj", "{A6B67BDF-D4C9-45AB-9B0D-F713D26D348F}"
EndProject
Project("{9A19103F-16F7-4668-BE54-9A1E7A4F7556}") = "Domain", "Domain\Domain.csproj", "{33166324-B0D9-4BBF-B93F-B21E4250E9C7}"
EndProject
Project("{9A19103F-16F7-4668-BE54-9A1E7A4F7556}") = "Infastracted", "Infastracted\Infastracted.csproj", "{B5829691-F816-4740-93CE-27BE6B272154}"
EndProject
Project("{9A19103F-16F7-4668-BE54-9A1E7A4F7556}") = "Application", "Application\Application.csproj", "{9CB55B87-4C2C-46B5-8272-0F8AFAD6DEC0}"
EndProject
Project("{FAE04EC0-301F-11D3-BF4B-00C04F79EFBC}") = "UserFunctionalTesting", "Testing\UserFunctionalTesting\UserFunctionalTesting.csproj", "{77E35AC9-E21A-448E-A366-DE3AEFC94F27}"
EndProject
Global
	GlobalSection(SolutionConfigurationPlatforms) = preSolution
		Debug|Any CPU = Debug|Any CPU
		Release|Any CPU = Release|Any CPU
	EndGlobalSection
	GlobalSection(ProjectConfigurationPlatforms) = postSolution
		{0370936B-FDB7-4524-A384-3E45CDF925E2}.Debug|Any CPU.ActiveCfg = Debug|Any CPU
		{0370936B-FDB7-4524-A384-3E45CDF925E2}.Debug|Any CPU.Build.0 = Debug|Any CPU
		{0370936B-FDB7-4524-A384-3E45CDF925E2}.Release|Any CPU.ActiveCfg = Release|Any CPU
		{0370936B-FDB7-4524-A384-3E45CDF925E2}.Release|Any CPU.Build.0 = Release|Any CPU
		{A6B67BDF-D4C9-45AB-9B0D-F713D26D348F}.Debug|Any CPU.ActiveCfg = Debug|Any CPU
		{A6B67BDF-D4C9-45AB-9B0D-F713D26D348F}.Debug|Any CPU.Build.0 = Debug|Any CPU
		{A6B67BDF-D4C9-45AB-9B0D-F713D26D348F}.Debug|Any CPU.Deploy.0 = Debug|Any CPU
		{A6B67BDF-D4C9-45AB-9B0D-F713D26D348F}.Release|Any CPU.ActiveCfg = Release|Any CPU
		{A6B67BDF-D4C9-45AB-9B0D-F713D26D348F}.Release|Any CPU.Build.0 = Release|Any CPU
		{A6B67BDF-D4C9-45AB-9B0D-F713D26D348F}.Release|Any CPU.Deploy.0 = Release|Any CPU
		{33166324-B0D9-4BBF-B93F-B21E4250E9C7}.Debug|Any CPU.ActiveCfg = Debug|Any CPU
		{33166324-B0D9-4BBF-B93F-B21E4250E9C7}.Debug|Any CPU.Build.0 = Debug|Any CPU
		{33166324-B0D9-4BBF-B93F-B21E4250E9C7}.Release|Any CPU.ActiveCfg = Release|Any CPU
		{33166324-B0D9-4BBF-B93F-B21E4250E9C7}.Release|Any CPU.Build.0 = Release|Any CPU
		{B5829691-F816-4740-93CE-27BE6B272154}.Debug|Any CPU.ActiveCfg = Debug|Any CPU
		{B5829691-F816-4740-93CE-27BE6B272154}.Debug|Any CPU.Build.0 = Debug|Any CPU
		{B5829691-F816-4740-93CE-27BE6B272154}.Release|Any CPU.ActiveCfg = Release|Any CPU
		{B5829691-F816-4740-93CE-27BE6B272154}.Release|Any CPU.Build.0 = Release|Any CPU
		{9CB55B87-4C2C-46B5-8272-0F8AFAD6DEC0}.Debug|Any CPU.ActiveCfg = Debug|Any CPU
		{9CB55B87-4C2C-46B5-8272-0F8AFAD6DEC0}.Debug|Any CPU.Build.0 = Debug|Any CPU
		{9CB55B87-4C2C-46B5-8272-0F8AFAD6DEC0}.Release|Any CPU.ActiveCfg = Release|Any CPU
		{9CB55B87-4C2C-46B5-8272-0F8AFAD6DEC0}.Release|Any CPU.Build.0 = Release|Any CPU
		{77E35AC9-E21A-448E-A366-DE3AEFC94F27}.Debug|Any CPU.ActiveCfg = Debug|Any CPU
		{77E35AC9-E21A-448E-A366-DE3AEFC94F27}.Debug|Any CPU.Build.0 = Debug|Any CPU
		{77E35AC9-E21A-448E-A366-DE3AEFC94F27}.Release|Any CPU.ActiveCfg = Release|Any CPU
		{77E35AC9-E21A-448E-A366-DE3AEFC94F27}.Release|Any CPU.Build.0 = Release|Any CPU
	EndGlobalSection
	GlobalSection(SolutionProperties) = preSolution
		HideSolutionNode = FALSE
	EndGlobalSection
	GlobalSection(ExtensibilityGlobals) = postSolution
		SolutionGuid = {55D4967F-E488-4CD8-8D4E-6729EFCFC18F}
	EndGlobalSection
EndGlobal
